// !$*UTF8*$!
{
	archiveVersion = 1;
	classes = {
	};
	objectVersion = 56;
	objects = {

/* Begin PBXBuildFile section */
		AF2F49B629BEB87500F7570F /* FirebaseAnalytics in Frameworks */ = {isa = PBXBuildFile; productRef = AF2F49B529BEB87500F7570F /* FirebaseAnalytics */; };
		AF2F49B829BEB87500F7570F /* FirebaseAnalyticsOnDeviceConversion in Frameworks */ = {isa = PBXBuildFile; productRef = AF2F49B729BEB87500F7570F /* FirebaseAnalyticsOnDeviceConversion */; };
		AF2F49BA29BEB87500F7570F /* FirebaseAnalyticsSwift in Frameworks */ = {isa = PBXBuildFile; productRef = AF2F49B929BEB87500F7570F /* FirebaseAnalyticsSwift */; };
		AF2F49BC29BEB87500F7570F /* FirebaseAnalyticsWithoutAdIdSupport in Frameworks */ = {isa = PBXBuildFile; productRef = AF2F49BB29BEB87500F7570F /* FirebaseAnalyticsWithoutAdIdSupport */; };
		AF2F49BE29BEB87500F7570F /* FirebaseAppCheck in Frameworks */ = {isa = PBXBuildFile; productRef = AF2F49BD29BEB87500F7570F /* FirebaseAppCheck */; };
		AF2F49C029BEB87500F7570F /* FirebaseAppDistribution-Beta in Frameworks */ = {isa = PBXBuildFile; productRef = AF2F49BF29BEB87500F7570F /* FirebaseAppDistribution-Beta */; };
		AF2F49C229BEB87500F7570F /* FirebaseAuth in Frameworks */ = {isa = PBXBuildFile; productRef = AF2F49C129BEB87500F7570F /* FirebaseAuth */; };
		AF2F49C429BEB87500F7570F /* FirebaseAuthCombine-Community in Frameworks */ = {isa = PBXBuildFile; productRef = AF2F49C329BEB87500F7570F /* FirebaseAuthCombine-Community */; };
		AF2F49C629BEB87500F7570F /* FirebaseCrashlytics in Frameworks */ = {isa = PBXBuildFile; productRef = AF2F49C529BEB87500F7570F /* FirebaseCrashlytics */; };
		AF2F49C829BEB87500F7570F /* FirebaseDatabase in Frameworks */ = {isa = PBXBuildFile; productRef = AF2F49C729BEB87500F7570F /* FirebaseDatabase */; };
		AF2F49CA29BEB87500F7570F /* FirebaseDatabaseSwift in Frameworks */ = {isa = PBXBuildFile; productRef = AF2F49C929BEB87500F7570F /* FirebaseDatabaseSwift */; };
		AF2F49CC29BEB87600F7570F /* FirebaseDynamicLinks in Frameworks */ = {isa = PBXBuildFile; productRef = AF2F49CB29BEB87600F7570F /* FirebaseDynamicLinks */; };
		AF2F49CE29BEB87600F7570F /* FirebaseFirestore in Frameworks */ = {isa = PBXBuildFile; productRef = AF2F49CD29BEB87600F7570F /* FirebaseFirestore */; };
		AF2F49D029BEB87600F7570F /* FirebaseFirestoreCombine-Community in Frameworks */ = {isa = PBXBuildFile; productRef = AF2F49CF29BEB87600F7570F /* FirebaseFirestoreCombine-Community */; };
		AF2F49D229BEB87600F7570F /* FirebaseFirestoreSwift in Frameworks */ = {isa = PBXBuildFile; productRef = AF2F49D129BEB87600F7570F /* FirebaseFirestoreSwift */; };
		AF2F49D429BEB87600F7570F /* FirebaseFunctions in Frameworks */ = {isa = PBXBuildFile; productRef = AF2F49D329BEB87600F7570F /* FirebaseFunctions */; };
		AF2F49D629BEB87600F7570F /* FirebaseFunctionsCombine-Community in Frameworks */ = {isa = PBXBuildFile; productRef = AF2F49D529BEB87600F7570F /* FirebaseFunctionsCombine-Community */; };
		AF2F49D829BEB87600F7570F /* FirebaseInAppMessaging-Beta in Frameworks */ = {isa = PBXBuildFile; productRef = AF2F49D729BEB87600F7570F /* FirebaseInAppMessaging-Beta */; };
		AF2F49DA29BEB87600F7570F /* FirebaseInAppMessagingSwift-Beta in Frameworks */ = {isa = PBXBuildFile; productRef = AF2F49D929BEB87600F7570F /* FirebaseInAppMessagingSwift-Beta */; };
		AF2F49DC29BEB87600F7570F /* FirebaseInstallations in Frameworks */ = {isa = PBXBuildFile; productRef = AF2F49DB29BEB87600F7570F /* FirebaseInstallations */; };
		AF2F49DE29BEB87600F7570F /* FirebaseMLModelDownloader in Frameworks */ = {isa = PBXBuildFile; productRef = AF2F49DD29BEB87600F7570F /* FirebaseMLModelDownloader */; };
		AF2F49E029BEB87600F7570F /* FirebaseMessaging in Frameworks */ = {isa = PBXBuildFile; productRef = AF2F49DF29BEB87600F7570F /* FirebaseMessaging */; };
		AF2F49E229BEB87600F7570F /* FirebasePerformance in Frameworks */ = {isa = PBXBuildFile; productRef = AF2F49E129BEB87600F7570F /* FirebasePerformance */; };
		AF2F49E429BEB87600F7570F /* FirebaseRemoteConfig in Frameworks */ = {isa = PBXBuildFile; productRef = AF2F49E329BEB87600F7570F /* FirebaseRemoteConfig */; };
		AF2F49E629BEB87600F7570F /* FirebaseRemoteConfigSwift in Frameworks */ = {isa = PBXBuildFile; productRef = AF2F49E529BEB87600F7570F /* FirebaseRemoteConfigSwift */; };
		AF2F49E829BEB87600F7570F /* FirebaseStorage in Frameworks */ = {isa = PBXBuildFile; productRef = AF2F49E729BEB87600F7570F /* FirebaseStorage */; };
		AF2F49EA29BEB87600F7570F /* FirebaseStorageCombine-Community in Frameworks */ = {isa = PBXBuildFile; productRef = AF2F49E929BEB87600F7570F /* FirebaseStorageCombine-Community */; };
		AF2F49EC29BEC0F700F7570F /* LandingView.swift in Sources */ = {isa = PBXBuildFile; fileRef = AF2F49EB29BEC0F700F7570F /* LandingView.swift */; };
		AF2F49F229C0DAAC00F7570F /* GoogleSignIn in Frameworks */ = {isa = PBXBuildFile; productRef = AF2F49F129C0DAAC00F7570F /* GoogleSignIn */; };
		AF2F49F429C0DAAC00F7570F /* GoogleSignInSwift in Frameworks */ = {isa = PBXBuildFile; productRef = AF2F49F329C0DAAC00F7570F /* GoogleSignInSwift */; };
		AF2F49F729C20A4800F7570F /* +View.swift in Sources */ = {isa = PBXBuildFile; fileRef = AF2F49F629C20A4700F7570F /* +View.swift */; };
		AF2F49F929C2180100F7570F /* SplashScreenView.swift in Sources */ = {isa = PBXBuildFile; fileRef = AF2F49F829C2180100F7570F /* SplashScreenView.swift */; };
		AF2F49FB29C2B2D600F7570F /* EventCard.swift in Sources */ = {isa = PBXBuildFile; fileRef = AF2F49FA29C2B2D600F7570F /* EventCard.swift */; };
		AF3068CC29C2B9EA000808C1 /* GoogleService-Info.plist in Resources */ = {isa = PBXBuildFile; fileRef = AF3068CB29C2B9E9000808C1 /* GoogleService-Info.plist */; };
		AF94702929B581F60049BA4A /* SignInView.swift in Sources */ = {isa = PBXBuildFile; fileRef = AF94702829B581F60049BA4A /* SignInView.swift */; };
		AF94702B29B582160049BA4A /* SignUpView.swift in Sources */ = {isa = PBXBuildFile; fileRef = AF94702A29B582160049BA4A /* SignUpView.swift */; };
		AF94702E29B5873D0049BA4A /* CustomElements.swift in Sources */ = {isa = PBXBuildFile; fileRef = AF94702D29B5873D0049BA4A /* CustomElements.swift */; };
		F694C5AE29B55E0500536551 /* DayPlannerApp.swift in Sources */ = {isa = PBXBuildFile; fileRef = F694C5AD29B55E0500536551 /* DayPlannerApp.swift */; };
		F694C5B029B55E0500536551 /* ContentView.swift in Sources */ = {isa = PBXBuildFile; fileRef = F694C5AF29B55E0500536551 /* ContentView.swift */; };
		F694C5B229B55E0700536551 /* Assets.xcassets in Resources */ = {isa = PBXBuildFile; fileRef = F694C5B129B55E0700536551 /* Assets.xcassets */; };
		F694C5B529B55E0700536551 /* Preview Assets.xcassets in Resources */ = {isa = PBXBuildFile; fileRef = F694C5B429B55E0700536551 /* Preview Assets.xcassets */; };
/* End PBXBuildFile section */

/* Begin PBXContainerItemProxy section */
		F694C5BB29B55E0700536551 /* PBXContainerItemProxy */ = {
			isa = PBXContainerItemProxy;
			containerPortal = F694C5A229B55E0500536551 /* Project object */;
			proxyType = 1;
			remoteGlobalIDString = F694C5A929B55E0500536551;
			remoteInfo = DayPlanner;
		};
		F694C5C529B55E0700536551 /* PBXContainerItemProxy */ = {
			isa = PBXContainerItemProxy;
			containerPortal = F694C5A229B55E0500536551 /* Project object */;
			proxyType = 1;
			remoteGlobalIDString = F694C5A929B55E0500536551;
			remoteInfo = DayPlanner;
		};
/* End PBXContainerItemProxy section */

/* Begin PBXFileReference section */
		AF2F49EB29BEC0F700F7570F /* LandingView.swift */ = {isa = PBXFileReference; lastKnownFileType = sourcecode.swift; path = LandingView.swift; sourceTree = "<group>"; };
		AF2F49F629C20A4700F7570F /* +View.swift */ = {isa = PBXFileReference; lastKnownFileType = sourcecode.swift; path = "+View.swift"; sourceTree = "<group>"; };
		AF2F49F829C2180100F7570F /* SplashScreenView.swift */ = {isa = PBXFileReference; lastKnownFileType = sourcecode.swift; path = SplashScreenView.swift; sourceTree = "<group>"; };
		AF2F49FA29C2B2D600F7570F /* EventCard.swift */ = {isa = PBXFileReference; lastKnownFileType = sourcecode.swift; path = EventCard.swift; sourceTree = "<group>"; };
		AF3068CB29C2B9E9000808C1 /* GoogleService-Info.plist */ = {isa = PBXFileReference; fileEncoding = 4; lastKnownFileType = text.plist.xml; path = "GoogleService-Info.plist"; sourceTree = "<group>"; };
		AF94702829B581F60049BA4A /* SignInView.swift */ = {isa = PBXFileReference; lastKnownFileType = sourcecode.swift; path = SignInView.swift; sourceTree = "<group>"; };
		AF94702A29B582160049BA4A /* SignUpView.swift */ = {isa = PBXFileReference; lastKnownFileType = sourcecode.swift; path = SignUpView.swift; sourceTree = "<group>"; };
		AF94702D29B5873D0049BA4A /* CustomElements.swift */ = {isa = PBXFileReference; lastKnownFileType = sourcecode.swift; path = CustomElements.swift; sourceTree = "<group>"; };
		F694C5AA29B55E0500536551 /* DayPlanner.app */ = {isa = PBXFileReference; explicitFileType = wrapper.application; includeInIndex = 0; path = DayPlanner.app; sourceTree = BUILT_PRODUCTS_DIR; };
		F694C5AD29B55E0500536551 /* DayPlannerApp.swift */ = {isa = PBXFileReference; lastKnownFileType = sourcecode.swift; path = DayPlannerApp.swift; sourceTree = "<group>"; };
		F694C5AF29B55E0500536551 /* ContentView.swift */ = {isa = PBXFileReference; lastKnownFileType = sourcecode.swift; path = ContentView.swift; sourceTree = "<group>"; };
		F694C5B129B55E0700536551 /* Assets.xcassets */ = {isa = PBXFileReference; lastKnownFileType = folder.assetcatalog; path = Assets.xcassets; sourceTree = "<group>"; };
		F694C5B429B55E0700536551 /* Preview Assets.xcassets */ = {isa = PBXFileReference; lastKnownFileType = folder.assetcatalog; path = "Preview Assets.xcassets"; sourceTree = "<group>"; };
		F694C5BA29B55E0700536551 /* DayPlannerTests.xctest */ = {isa = PBXFileReference; explicitFileType = wrapper.cfbundle; includeInIndex = 0; path = DayPlannerTests.xctest; sourceTree = BUILT_PRODUCTS_DIR; };
		F694C5C429B55E0700536551 /* DayPlannerUITests.xctest */ = {isa = PBXFileReference; explicitFileType = wrapper.cfbundle; includeInIndex = 0; path = DayPlannerUITests.xctest; sourceTree = BUILT_PRODUCTS_DIR; };
/* End PBXFileReference section */

/* Begin PBXFrameworksBuildPhase section */
		F694C5A729B55E0500536551 /* Frameworks */ = {
			isa = PBXFrameworksBuildPhase;
			buildActionMask = 2147483647;
			files = (
				AF2F49C829BEB87500F7570F /* FirebaseDatabase in Frameworks */,
				AF2F49D629BEB87600F7570F /* FirebaseFunctionsCombine-Community in Frameworks */,
				AF2F49CE29BEB87600F7570F /* FirebaseFirestore in Frameworks */,
				AF2F49BA29BEB87500F7570F /* FirebaseAnalyticsSwift in Frameworks */,
				AF2F49B629BEB87500F7570F /* FirebaseAnalytics in Frameworks */,
				AF2F49B829BEB87500F7570F /* FirebaseAnalyticsOnDeviceConversion in Frameworks */,
				AF2F49DE29BEB87600F7570F /* FirebaseMLModelDownloader in Frameworks */,
				AF2F49F429C0DAAC00F7570F /* GoogleSignInSwift in Frameworks */,
				AF2F49D229BEB87600F7570F /* FirebaseFirestoreSwift in Frameworks */,
				AF2F49BE29BEB87500F7570F /* FirebaseAppCheck in Frameworks */,
				AF2F49BC29BEB87500F7570F /* FirebaseAnalyticsWithoutAdIdSupport in Frameworks */,
				AF2F49C229BEB87500F7570F /* FirebaseAuth in Frameworks */,
				AF2F49C629BEB87500F7570F /* FirebaseCrashlytics in Frameworks */,
				AF2F49E629BEB87600F7570F /* FirebaseRemoteConfigSwift in Frameworks */,
				AF2F49F229C0DAAC00F7570F /* GoogleSignIn in Frameworks */,
				AF2F49D829BEB87600F7570F /* FirebaseInAppMessaging-Beta in Frameworks */,
				AF2F49CA29BEB87500F7570F /* FirebaseDatabaseSwift in Frameworks */,
				AF2F49D429BEB87600F7570F /* FirebaseFunctions in Frameworks */,
				AF2F49EA29BEB87600F7570F /* FirebaseStorageCombine-Community in Frameworks */,
				AF2F49E429BEB87600F7570F /* FirebaseRemoteConfig in Frameworks */,
				AF2F49C029BEB87500F7570F /* FirebaseAppDistribution-Beta in Frameworks */,
				AF2F49C429BEB87500F7570F /* FirebaseAuthCombine-Community in Frameworks */,
				AF2F49E229BEB87600F7570F /* FirebasePerformance in Frameworks */,
				AF2F49DA29BEB87600F7570F /* FirebaseInAppMessagingSwift-Beta in Frameworks */,
				AF2F49E829BEB87600F7570F /* FirebaseStorage in Frameworks */,
				AF2F49CC29BEB87600F7570F /* FirebaseDynamicLinks in Frameworks */,
				AF2F49D029BEB87600F7570F /* FirebaseFirestoreCombine-Community in Frameworks */,
				AF2F49E029BEB87600F7570F /* FirebaseMessaging in Frameworks */,
				AF2F49DC29BEB87600F7570F /* FirebaseInstallations in Frameworks */,
			);
			runOnlyForDeploymentPostprocessing = 0;
		};
		F694C5B729B55E0700536551 /* Frameworks */ = {
			isa = PBXFrameworksBuildPhase;
			buildActionMask = 2147483647;
			files = (
			);
			runOnlyForDeploymentPostprocessing = 0;
		};
		F694C5C129B55E0700536551 /* Frameworks */ = {
			isa = PBXFrameworksBuildPhase;
			buildActionMask = 2147483647;
			files = (
			);
			runOnlyForDeploymentPostprocessing = 0;
		};
/* End PBXFrameworksBuildPhase section */

/* Begin PBXGroup section */
		AF2F49ED29BEC10E00F7570F /* Login_Views */ = {
			isa = PBXGroup;
			children = (
				AF94702829B581F60049BA4A /* SignInView.swift */,
				AF94702A29B582160049BA4A /* SignUpView.swift */,
				AF2F49EB29BEC0F700F7570F /* LandingView.swift */,
				AF2F49F829C2180100F7570F /* SplashScreenView.swift */,
			);
			path = Login_Views;
			sourceTree = "<group>";
		};
		AF94702C29B5871B0049BA4A /* UI_Elements */ = {
			isa = PBXGroup;
			children = (
				AF94702D29B5873D0049BA4A /* CustomElements.swift */,
				AF2F49FA29C2B2D600F7570F /* EventCard.swift */,
			);
			path = UI_Elements;
			sourceTree = "<group>";
		};
		F694C5A129B55E0500536551 = {
			isa = PBXGroup;
			children = (
				F694C5AC29B55E0500536551 /* DayPlanner */,
				F694C5AB29B55E0500536551 /* Products */,
			);
			sourceTree = "<group>";
		};
		F694C5AB29B55E0500536551 /* Products */ = {
			isa = PBXGroup;
			children = (
				F694C5AA29B55E0500536551 /* DayPlanner.app */,
				F694C5BA29B55E0700536551 /* DayPlannerTests.xctest */,
				F694C5C429B55E0700536551 /* DayPlannerUITests.xctest */,
			);
			name = Products;
			sourceTree = "<group>";
		};
		F694C5AC29B55E0500536551 /* DayPlanner */ = {
			isa = PBXGroup;
			children = (
				F694C5AD29B55E0500536551 /* DayPlannerApp.swift */,
				AF2F49ED29BEC10E00F7570F /* Login_Views */,
				AF94702C29B5871B0049BA4A /* UI_Elements */,
				F694C5AF29B55E0500536551 /* ContentView.swift */,
				AF3068CB29C2B9E9000808C1 /* GoogleService-Info.plist */,
				F694C5B129B55E0700536551 /* Assets.xcassets */,
				F694C5B329B55E0700536551 /* Preview Content */,
				AF2F49F629C20A4700F7570F /* +View.swift */,
			);
			path = DayPlanner;
			sourceTree = "<group>";
		};
		F694C5B329B55E0700536551 /* Preview Content */ = {
			isa = PBXGroup;
			children = (
				F694C5B429B55E0700536551 /* Preview Assets.xcassets */,
			);
			path = "Preview Content";
			sourceTree = "<group>";
		};
/* End PBXGroup section */

/* Begin PBXNativeTarget section */
		F694C5A929B55E0500536551 /* DayPlanner */ = {
			isa = PBXNativeTarget;
			buildConfigurationList = F694C5CE29B55E0700536551 /* Build configuration list for PBXNativeTarget "DayPlanner" */;
			buildPhases = (
				F694C5A629B55E0500536551 /* Sources */,
				F694C5A729B55E0500536551 /* Frameworks */,
				F694C5A829B55E0500536551 /* Resources */,
			);
			buildRules = (
			);
			dependencies = (
			);
			name = DayPlanner;
			packageProductDependencies = (
				AF2F49B529BEB87500F7570F /* FirebaseAnalytics */,
				AF2F49B729BEB87500F7570F /* FirebaseAnalyticsOnDeviceConversion */,
				AF2F49B929BEB87500F7570F /* FirebaseAnalyticsSwift */,
				AF2F49BB29BEB87500F7570F /* FirebaseAnalyticsWithoutAdIdSupport */,
				AF2F49BD29BEB87500F7570F /* FirebaseAppCheck */,
				AF2F49BF29BEB87500F7570F /* FirebaseAppDistribution-Beta */,
				AF2F49C129BEB87500F7570F /* FirebaseAuth */,
				AF2F49C329BEB87500F7570F /* FirebaseAuthCombine-Community */,
				AF2F49C529BEB87500F7570F /* FirebaseCrashlytics */,
				AF2F49C729BEB87500F7570F /* FirebaseDatabase */,
				AF2F49C929BEB87500F7570F /* FirebaseDatabaseSwift */,
				AF2F49CB29BEB87600F7570F /* FirebaseDynamicLinks */,
				AF2F49CD29BEB87600F7570F /* FirebaseFirestore */,
				AF2F49CF29BEB87600F7570F /* FirebaseFirestoreCombine-Community */,
				AF2F49D129BEB87600F7570F /* FirebaseFirestoreSwift */,
				AF2F49D329BEB87600F7570F /* FirebaseFunctions */,
				AF2F49D529BEB87600F7570F /* FirebaseFunctionsCombine-Community */,
				AF2F49D729BEB87600F7570F /* FirebaseInAppMessaging-Beta */,
				AF2F49D929BEB87600F7570F /* FirebaseInAppMessagingSwift-Beta */,
				AF2F49DB29BEB87600F7570F /* FirebaseInstallations */,
				AF2F49DD29BEB87600F7570F /* FirebaseMLModelDownloader */,
				AF2F49DF29BEB87600F7570F /* FirebaseMessaging */,
				AF2F49E129BEB87600F7570F /* FirebasePerformance */,
				AF2F49E329BEB87600F7570F /* FirebaseRemoteConfig */,
				AF2F49E529BEB87600F7570F /* FirebaseRemoteConfigSwift */,
				AF2F49E729BEB87600F7570F /* FirebaseStorage */,
				AF2F49E929BEB87600F7570F /* FirebaseStorageCombine-Community */,
				AF2F49F129C0DAAC00F7570F /* GoogleSignIn */,
				AF2F49F329C0DAAC00F7570F /* GoogleSignInSwift */,
			);
			productName = DayPlanner;
			productReference = F694C5AA29B55E0500536551 /* DayPlanner.app */;
			productType = "com.apple.product-type.application";
		};
		F694C5B929B55E0700536551 /* DayPlannerTests */ = {
			isa = PBXNativeTarget;
			buildConfigurationList = F694C5D129B55E0700536551 /* Build configuration list for PBXNativeTarget "DayPlannerTests" */;
			buildPhases = (
				F694C5B629B55E0700536551 /* Sources */,
				F694C5B729B55E0700536551 /* Frameworks */,
				F694C5B829B55E0700536551 /* Resources */,
			);
			buildRules = (
			);
			dependencies = (
				F694C5BC29B55E0700536551 /* PBXTargetDependency */,
			);
			name = DayPlannerTests;
			productName = DayPlannerTests;
			productReference = F694C5BA29B55E0700536551 /* DayPlannerTests.xctest */;
			productType = "com.apple.product-type.bundle.unit-test";
		};
		F694C5C329B55E0700536551 /* DayPlannerUITests */ = {
			isa = PBXNativeTarget;
			buildConfigurationList = F694C5D429B55E0700536551 /* Build configuration list for PBXNativeTarget "DayPlannerUITests" */;
			buildPhases = (
				F694C5C029B55E0700536551 /* Sources */,
				F694C5C129B55E0700536551 /* Frameworks */,
				F694C5C229B55E0700536551 /* Resources */,
			);
			buildRules = (
			);
			dependencies = (
				F694C5C629B55E0700536551 /* PBXTargetDependency */,
			);
			name = DayPlannerUITests;
			productName = DayPlannerUITests;
			productReference = F694C5C429B55E0700536551 /* DayPlannerUITests.xctest */;
			productType = "com.apple.product-type.bundle.ui-testing";
		};
/* End PBXNativeTarget section */

/* Begin PBXProject section */
		F694C5A229B55E0500536551 /* Project object */ = {
			isa = PBXProject;
			attributes = {
				BuildIndependentTargetsInParallel = 1;
				LastSwiftUpdateCheck = 1420;
				LastUpgradeCheck = 1420;
				TargetAttributes = {
					F694C5A929B55E0500536551 = {
						CreatedOnToolsVersion = 14.2;
					};
					F694C5B929B55E0700536551 = {
						CreatedOnToolsVersion = 14.2;
						TestTargetID = F694C5A929B55E0500536551;
					};
					F694C5C329B55E0700536551 = {
						CreatedOnToolsVersion = 14.2;
						TestTargetID = F694C5A929B55E0500536551;
					};
				};
			};
			buildConfigurationList = F694C5A529B55E0500536551 /* Build configuration list for PBXProject "DayPlanner" */;
			compatibilityVersion = "Xcode 14.0";
			developmentRegion = en;
			hasScannedForEncodings = 0;
			knownRegions = (
				en,
				Base,
			);
			mainGroup = F694C5A129B55E0500536551;
			packageReferences = (
				AF2F49B429BEB87500F7570F /* XCRemoteSwiftPackageReference "firebase-ios-sdk" */,
				AF2F49F029C0DAAC00F7570F /* XCRemoteSwiftPackageReference "GoogleSignIn-iOS" */,
			);
			productRefGroup = F694C5AB29B55E0500536551 /* Products */;
			projectDirPath = "";
			projectRoot = "";
			targets = (
				F694C5A929B55E0500536551 /* DayPlanner */,
				F694C5B929B55E0700536551 /* DayPlannerTests */,
				F694C5C329B55E0700536551 /* DayPlannerUITests */,
			);
		};
/* End PBXProject section */

/* Begin PBXResourcesBuildPhase section */
		F694C5A829B55E0500536551 /* Resources */ = {
			isa = PBXResourcesBuildPhase;
			buildActionMask = 2147483647;
			files = (
				F694C5B529B55E0700536551 /* Preview Assets.xcassets in Resources */,
				F694C5B229B55E0700536551 /* Assets.xcassets in Resources */,
				AF3068CC29C2B9EA000808C1 /* GoogleService-Info.plist in Resources */,
			);
			runOnlyForDeploymentPostprocessing = 0;
		};
		F694C5B829B55E0700536551 /* Resources */ = {
			isa = PBXResourcesBuildPhase;
			buildActionMask = 2147483647;
			files = (
			);
			runOnlyForDeploymentPostprocessing = 0;
		};
		F694C5C229B55E0700536551 /* Resources */ = {
			isa = PBXResourcesBuildPhase;
			buildActionMask = 2147483647;
			files = (
			);
			runOnlyForDeploymentPostprocessing = 0;
		};
/* End PBXResourcesBuildPhase section */

/* Begin PBXSourcesBuildPhase section */
		F694C5A629B55E0500536551 /* Sources */ = {
			isa = PBXSourcesBuildPhase;
			buildActionMask = 2147483647;
			files = (
				AF2F49EC29BEC0F700F7570F /* LandingView.swift in Sources */,
				AF94702B29B582160049BA4A /* SignUpView.swift in Sources */,
				AF94702E29B5873D0049BA4A /* CustomElements.swift in Sources */,
				AF94702929B581F60049BA4A /* SignInView.swift in Sources */,
				AF2F49F729C20A4800F7570F /* +View.swift in Sources */,
				F694C5B029B55E0500536551 /* ContentView.swift in Sources */,
				F694C5AE29B55E0500536551 /* DayPlannerApp.swift in Sources */,
				AF2F49FB29C2B2D600F7570F /* EventCard.swift in Sources */,
				AF2F49F929C2180100F7570F /* SplashScreenView.swift in Sources */,
			);
			runOnlyForDeploymentPostprocessing = 0;
		};
		F694C5B629B55E0700536551 /* Sources */ = {
			isa = PBXSourcesBuildPhase;
			buildActionMask = 2147483647;
			files = (
			);
			runOnlyForDeploymentPostprocessing = 0;
		};
		F694C5C029B55E0700536551 /* Sources */ = {
			isa = PBXSourcesBuildPhase;
			buildActionMask = 2147483647;
			files = (
			);
			runOnlyForDeploymentPostprocessing = 0;
		};
/* End PBXSourcesBuildPhase section */

/* Begin PBXTargetDependency section */
		F694C5BC29B55E0700536551 /* PBXTargetDependency */ = {
			isa = PBXTargetDependency;
			target = F694C5A929B55E0500536551 /* DayPlanner */;
			targetProxy = F694C5BB29B55E0700536551 /* PBXContainerItemProxy */;
		};
		F694C5C629B55E0700536551 /* PBXTargetDependency */ = {
			isa = PBXTargetDependency;
			target = F694C5A929B55E0500536551 /* DayPlanner */;
			targetProxy = F694C5C529B55E0700536551 /* PBXContainerItemProxy */;
		};
/* End PBXTargetDependency section */

/* Begin XCBuildConfiguration section */
		F694C5CC29B55E0700536551 /* Debug */ = {
			isa = XCBuildConfiguration;
			buildSettings = {
				ALWAYS_SEARCH_USER_PATHS = NO;
				CLANG_ANALYZER_NONNULL = YES;
				CLANG_ANALYZER_NUMBER_OBJECT_CONVERSION = YES_AGGRESSIVE;
				CLANG_CXX_LANGUAGE_STANDARD = "gnu++20";
				CLANG_ENABLE_MODULES = YES;
				CLANG_ENABLE_OBJC_ARC = YES;
				CLANG_ENABLE_OBJC_WEAK = YES;
				CLANG_WARN_BLOCK_CAPTURE_AUTORELEASING = YES;
				CLANG_WARN_BOOL_CONVERSION = YES;
				CLANG_WARN_COMMA = YES;
				CLANG_WARN_CONSTANT_CONVERSION = YES;
				CLANG_WARN_DEPRECATED_OBJC_IMPLEMENTATIONS = YES;
				CLANG_WARN_DIRECT_OBJC_ISA_USAGE = YES_ERROR;
				CLANG_WARN_DOCUMENTATION_COMMENTS = YES;
				CLANG_WARN_EMPTY_BODY = YES;
				CLANG_WARN_ENUM_CONVERSION = YES;
				CLANG_WARN_INFINITE_RECURSION = YES;
				CLANG_WARN_INT_CONVERSION = YES;
				CLANG_WARN_NON_LITERAL_NULL_CONVERSION = YES;
				CLANG_WARN_OBJC_IMPLICIT_RETAIN_SELF = YES;
				CLANG_WARN_OBJC_LITERAL_CONVERSION = YES;
				CLANG_WARN_OBJC_ROOT_CLASS = YES_ERROR;
				CLANG_WARN_QUOTED_INCLUDE_IN_FRAMEWORK_HEADER = YES;
				CLANG_WARN_RANGE_LOOP_ANALYSIS = YES;
				CLANG_WARN_STRICT_PROTOTYPES = YES;
				CLANG_WARN_SUSPICIOUS_MOVE = YES;
				CLANG_WARN_UNGUARDED_AVAILABILITY = YES_AGGRESSIVE;
				CLANG_WARN_UNREACHABLE_CODE = YES;
				CLANG_WARN__DUPLICATE_METHOD_MATCH = YES;
				COPY_PHASE_STRIP = NO;
				DEBUG_INFORMATION_FORMAT = dwarf;
				ENABLE_STRICT_OBJC_MSGSEND = YES;
				ENABLE_TESTABILITY = YES;
				GCC_C_LANGUAGE_STANDARD = gnu11;
				GCC_DYNAMIC_NO_PIC = NO;
				GCC_NO_COMMON_BLOCKS = YES;
				GCC_OPTIMIZATION_LEVEL = 0;
				GCC_PREPROCESSOR_DEFINITIONS = (
					"DEBUG=1",
					"$(inherited)",
				);
				GCC_WARN_64_TO_32_BIT_CONVERSION = YES;
				GCC_WARN_ABOUT_RETURN_TYPE = YES_ERROR;
				GCC_WARN_UNDECLARED_SELECTOR = YES;
				GCC_WARN_UNINITIALIZED_AUTOS = YES_AGGRESSIVE;
				GCC_WARN_UNUSED_FUNCTION = YES;
				GCC_WARN_UNUSED_VARIABLE = YES;
				IPHONEOS_DEPLOYMENT_TARGET = 16.2;
				MTL_ENABLE_DEBUG_INFO = INCLUDE_SOURCE;
				MTL_FAST_MATH = YES;
				ONLY_ACTIVE_ARCH = YES;
				SDKROOT = iphoneos;
				SWIFT_ACTIVE_COMPILATION_CONDITIONS = DEBUG;
				SWIFT_OPTIMIZATION_LEVEL = "-Onone";
			};
			name = Debug;
		};
		F694C5CD29B55E0700536551 /* Release */ = {
			isa = XCBuildConfiguration;
			buildSettings = {
				ALWAYS_SEARCH_USER_PATHS = NO;
				CLANG_ANALYZER_NONNULL = YES;
				CLANG_ANALYZER_NUMBER_OBJECT_CONVERSION = YES_AGGRESSIVE;
				CLANG_CXX_LANGUAGE_STANDARD = "gnu++20";
				CLANG_ENABLE_MODULES = YES;
				CLANG_ENABLE_OBJC_ARC = YES;
				CLANG_ENABLE_OBJC_WEAK = YES;
				CLANG_WARN_BLOCK_CAPTURE_AUTORELEASING = YES;
				CLANG_WARN_BOOL_CONVERSION = YES;
				CLANG_WARN_COMMA = YES;
				CLANG_WARN_CONSTANT_CONVERSION = YES;
				CLANG_WARN_DEPRECATED_OBJC_IMPLEMENTATIONS = YES;
				CLANG_WARN_DIRECT_OBJC_ISA_USAGE = YES_ERROR;
				CLANG_WARN_DOCUMENTATION_COMMENTS = YES;
				CLANG_WARN_EMPTY_BODY = YES;
				CLANG_WARN_ENUM_CONVERSION = YES;
				CLANG_WARN_INFINITE_RECURSION = YES;
				CLANG_WARN_INT_CONVERSION = YES;
				CLANG_WARN_NON_LITERAL_NULL_CONVERSION = YES;
				CLANG_WARN_OBJC_IMPLICIT_RETAIN_SELF = YES;
				CLANG_WARN_OBJC_LITERAL_CONVERSION = YES;
				CLANG_WARN_OBJC_ROOT_CLASS = YES_ERROR;
				CLANG_WARN_QUOTED_INCLUDE_IN_FRAMEWORK_HEADER = YES;
				CLANG_WARN_RANGE_LOOP_ANALYSIS = YES;
				CLANG_WARN_STRICT_PROTOTYPES = YES;
				CLANG_WARN_SUSPICIOUS_MOVE = YES;
				CLANG_WARN_UNGUARDED_AVAILABILITY = YES_AGGRESSIVE;
				CLANG_WARN_UNREACHABLE_CODE = YES;
				CLANG_WARN__DUPLICATE_METHOD_MATCH = YES;
				COPY_PHASE_STRIP = NO;
				DEBUG_INFORMATION_FORMAT = "dwarf-with-dsym";
				ENABLE_NS_ASSERTIONS = NO;
				ENABLE_STRICT_OBJC_MSGSEND = YES;
				GCC_C_LANGUAGE_STANDARD = gnu11;
				GCC_NO_COMMON_BLOCKS = YES;
				GCC_WARN_64_TO_32_BIT_CONVERSION = YES;
				GCC_WARN_ABOUT_RETURN_TYPE = YES_ERROR;
				GCC_WARN_UNDECLARED_SELECTOR = YES;
				GCC_WARN_UNINITIALIZED_AUTOS = YES_AGGRESSIVE;
				GCC_WARN_UNUSED_FUNCTION = YES;
				GCC_WARN_UNUSED_VARIABLE = YES;
				IPHONEOS_DEPLOYMENT_TARGET = 16.2;
				MTL_ENABLE_DEBUG_INFO = NO;
				MTL_FAST_MATH = YES;
				SDKROOT = iphoneos;
				SWIFT_COMPILATION_MODE = wholemodule;
				SWIFT_OPTIMIZATION_LEVEL = "-O";
				VALIDATE_PRODUCT = YES;
			};
			name = Release;
		};
		F694C5CF29B55E0700536551 /* Debug */ = {
			isa = XCBuildConfiguration;
			buildSettings = {
				ASSETCATALOG_COMPILER_APPICON_NAME = AppIcon;
				ASSETCATALOG_COMPILER_GLOBAL_ACCENT_COLOR_NAME = AccentColor;
				CODE_SIGN_STYLE = Automatic;
				CURRENT_PROJECT_VERSION = 1;
				DEVELOPMENT_ASSET_PATHS = "\"DayPlanner/Preview Content\"";
				ENABLE_PREVIEWS = YES;
				GENERATE_INFOPLIST_FILE = YES;
				INFOPLIST_FILE = DayPlanner/Info.plist;
				INFOPLIST_KEY_UIApplicationSceneManifest_Generation = YES;
				INFOPLIST_KEY_UIApplicationSupportsIndirectInputEvents = YES;
				INFOPLIST_KEY_UILaunchScreen_Generation = YES;
				INFOPLIST_KEY_UISupportedInterfaceOrientations_iPad = "UIInterfaceOrientationPortrait UIInterfaceOrientationPortraitUpsideDown UIInterfaceOrientationLandscapeLeft UIInterfaceOrientationLandscapeRight";
				INFOPLIST_KEY_UISupportedInterfaceOrientations_iPhone = "UIInterfaceOrientationPortrait UIInterfaceOrientationLandscapeLeft UIInterfaceOrientationLandscapeRight";
				LD_RUNPATH_SEARCH_PATHS = (
					"$(inherited)",
					"@executable_path/Frameworks",
				);
				MARKETING_VERSION = 1.0;
				PRODUCT_BUNDLE_IDENTIFIER = com.example.DayPlanner;
				PRODUCT_NAME = "$(TARGET_NAME)";
				SWIFT_EMIT_LOC_STRINGS = YES;
				SWIFT_VERSION = 5.0;
				TARGETED_DEVICE_FAMILY = "1,2";
			};
			name = Debug;
		};
		F694C5D029B55E0700536551 /* Release */ = {
			isa = XCBuildConfiguration;
			buildSettings = {
				ASSETCATALOG_COMPILER_APPICON_NAME = AppIcon;
				ASSETCATALOG_COMPILER_GLOBAL_ACCENT_COLOR_NAME = AccentColor;
				CODE_SIGN_STYLE = Automatic;
				CURRENT_PROJECT_VERSION = 1;
				DEVELOPMENT_ASSET_PATHS = "\"DayPlanner/Preview Content\"";
				ENABLE_PREVIEWS = YES;
				GENERATE_INFOPLIST_FILE = YES;
				INFOPLIST_FILE = DayPlanner/Info.plist;
				INFOPLIST_KEY_UIApplicationSceneManifest_Generation = YES;
				INFOPLIST_KEY_UIApplicationSupportsIndirectInputEvents = YES;
				INFOPLIST_KEY_UILaunchScreen_Generation = YES;
				INFOPLIST_KEY_UISupportedInterfaceOrientations_iPad = "UIInterfaceOrientationPortrait UIInterfaceOrientationPortraitUpsideDown UIInterfaceOrientationLandscapeLeft UIInterfaceOrientationLandscapeRight";
				INFOPLIST_KEY_UISupportedInterfaceOrientations_iPhone = "UIInterfaceOrientationPortrait UIInterfaceOrientationLandscapeLeft UIInterfaceOrientationLandscapeRight";
				LD_RUNPATH_SEARCH_PATHS = (
					"$(inherited)",
					"@executable_path/Frameworks",
				);
				MARKETING_VERSION = 1.0;
				PRODUCT_BUNDLE_IDENTIFIER = com.example.DayPlanner;
				PRODUCT_NAME = "$(TARGET_NAME)";
				SWIFT_EMIT_LOC_STRINGS = YES;
				SWIFT_VERSION = 5.0;
				TARGETED_DEVICE_FAMILY = "1,2";
			};
			name = Release;
		};
		F694C5D229B55E0700536551 /* Debug */ = {
			isa = XCBuildConfiguration;
			buildSettings = {
				ALWAYS_EMBED_SWIFT_STANDARD_LIBRARIES = YES;
				BUNDLE_LOADER = "$(TEST_HOST)";
				CODE_SIGN_STYLE = Automatic;
				CURRENT_PROJECT_VERSION = 1;
				GENERATE_INFOPLIST_FILE = YES;
				IPHONEOS_DEPLOYMENT_TARGET = 16.2;
				MARKETING_VERSION = 1.0;
				PRODUCT_BUNDLE_IDENTIFIER = com.example.DayPlannerTests;
				PRODUCT_NAME = "$(TARGET_NAME)";
				SWIFT_EMIT_LOC_STRINGS = NO;
				SWIFT_VERSION = 5.0;
				TARGETED_DEVICE_FAMILY = "1,2";
				TEST_HOST = "$(BUILT_PRODUCTS_DIR)/DayPlanner.app/$(BUNDLE_EXECUTABLE_FOLDER_PATH)/DayPlanner";
			};
			name = Debug;
		};
		F694C5D329B55E0700536551 /* Release */ = {
			isa = XCBuildConfiguration;
			buildSettings = {
				ALWAYS_EMBED_SWIFT_STANDARD_LIBRARIES = YES;
				BUNDLE_LOADER = "$(TEST_HOST)";
				CODE_SIGN_STYLE = Automatic;
				CURRENT_PROJECT_VERSION = 1;
				GENERATE_INFOPLIST_FILE = YES;
				IPHONEOS_DEPLOYMENT_TARGET = 16.2;
				MARKETING_VERSION = 1.0;
				PRODUCT_BUNDLE_IDENTIFIER = com.example.DayPlannerTests;
				PRODUCT_NAME = "$(TARGET_NAME)";
				SWIFT_EMIT_LOC_STRINGS = NO;
				SWIFT_VERSION = 5.0;
				TARGETED_DEVICE_FAMILY = "1,2";
				TEST_HOST = "$(BUILT_PRODUCTS_DIR)/DayPlanner.app/$(BUNDLE_EXECUTABLE_FOLDER_PATH)/DayPlanner";
			};
			name = Release;
		};
		F694C5D529B55E0700536551 /* Debug */ = {
			isa = XCBuildConfiguration;
			buildSettings = {
				ALWAYS_EMBED_SWIFT_STANDARD_LIBRARIES = YES;
				CODE_SIGN_STYLE = Automatic;
				CURRENT_PROJECT_VERSION = 1;
				GENERATE_INFOPLIST_FILE = YES;
				MARKETING_VERSION = 1.0;
				PRODUCT_BUNDLE_IDENTIFIER = com.example.DayPlannerUITests;
				PRODUCT_NAME = "$(TARGET_NAME)";
				SWIFT_EMIT_LOC_STRINGS = NO;
				SWIFT_VERSION = 5.0;
				TARGETED_DEVICE_FAMILY = "1,2";
				TEST_TARGET_NAME = DayPlanner;
			};
			name = Debug;
		};
		F694C5D629B55E0700536551 /* Release */ = {
			isa = XCBuildConfiguration;
			buildSettings = {
				ALWAYS_EMBED_SWIFT_STANDARD_LIBRARIES = YES;
				CODE_SIGN_STYLE = Automatic;
				CURRENT_PROJECT_VERSION = 1;
				GENERATE_INFOPLIST_FILE = YES;
				MARKETING_VERSION = 1.0;
				PRODUCT_BUNDLE_IDENTIFIER = com.example.DayPlannerUITests;
				PRODUCT_NAME = "$(TARGET_NAME)";
				SWIFT_EMIT_LOC_STRINGS = NO;
				SWIFT_VERSION = 5.0;
				TARGETED_DEVICE_FAMILY = "1,2";
				TEST_TARGET_NAME = DayPlanner;
			};
			name = Release;
		};
/* End XCBuildConfiguration section */

/* Begin XCConfigurationList section */
		F694C5A529B55E0500536551 /* Build configuration list for PBXProject "DayPlanner" */ = {
			isa = XCConfigurationList;
			buildConfigurations = (
				F694C5CC29B55E0700536551 /* Debug */,
				F694C5CD29B55E0700536551 /* Release */,
			);
			defaultConfigurationIsVisible = 0;
			defaultConfigurationName = Release;
		};
		F694C5CE29B55E0700536551 /* Build configuration list for PBXNativeTarget "DayPlanner" */ = {
			isa = XCConfigurationList;
			buildConfigurations = (
				F694C5CF29B55E0700536551 /* Debug */,
				F694C5D029B55E0700536551 /* Release */,
			);
			defaultConfigurationIsVisible = 0;
			defaultConfigurationName = Release;
		};
		F694C5D129B55E0700536551 /* Build configuration list for PBXNativeTarget "DayPlannerTests" */ = {
			isa = XCConfigurationList;
			buildConfigurations = (
				F694C5D229B55E0700536551 /* Debug */,
				F694C5D329B55E0700536551 /* Release */,
			);
			defaultConfigurationIsVisible = 0;
			defaultConfigurationName = Release;
		};
		F694C5D429B55E0700536551 /* Build configuration list for PBXNativeTarget "DayPlannerUITests" */ = {
			isa = XCConfigurationList;
			buildConfigurations = (
				F694C5D529B55E0700536551 /* Debug */,
				F694C5D629B55E0700536551 /* Release */,
			);
			defaultConfigurationIsVisible = 0;
			defaultConfigurationName = Release;
		};
/* End XCConfigurationList section */

/* Begin XCRemoteSwiftPackageReference section */
		AF2F49B429BEB87500F7570F /* XCRemoteSwiftPackageReference "firebase-ios-sdk" */ = {
			isa = XCRemoteSwiftPackageReference;
			repositoryURL = "https://github.com/firebase/firebase-ios-sdk";
			requirement = {
				branch = master;
				kind = branch;
			};
		};
		AF2F49F029C0DAAC00F7570F /* XCRemoteSwiftPackageReference "GoogleSignIn-iOS" */ = {
			isa = XCRemoteSwiftPackageReference;
			repositoryURL = "https://github.com/google/GoogleSignIn-iOS";
			requirement = {
				kind = upToNextMajorVersion;
				minimumVersion = 7.0.0;
			};
		};
/* End XCRemoteSwiftPackageReference section */

/* Begin XCSwiftPackageProductDependency section */
		AF2F49B529BEB87500F7570F /* FirebaseAnalytics */ = {
			isa = XCSwiftPackageProductDependency;
			package = AF2F49B429BEB87500F7570F /* XCRemoteSwiftPackageReference "firebase-ios-sdk" */;
			productName = FirebaseAnalytics;
		};
		AF2F49B729BEB87500F7570F /* FirebaseAnalyticsOnDeviceConversion */ = {
			isa = XCSwiftPackageProductDependency;
			package = AF2F49B429BEB87500F7570F /* XCRemoteSwiftPackageReference "firebase-ios-sdk" */;
			productName = FirebaseAnalyticsOnDeviceConversion;
		};
		AF2F49B929BEB87500F7570F /* FirebaseAnalyticsSwift */ = {
			isa = XCSwiftPackageProductDependency;
			package = AF2F49B429BEB87500F7570F /* XCRemoteSwiftPackageReference "firebase-ios-sdk" */;
			productName = FirebaseAnalyticsSwift;
		};
		AF2F49BB29BEB87500F7570F /* FirebaseAnalyticsWithoutAdIdSupport */ = {
			isa = XCSwiftPackageProductDependency;
			package = AF2F49B429BEB87500F7570F /* XCRemoteSwiftPackageReference "firebase-ios-sdk" */;
			productName = FirebaseAnalyticsWithoutAdIdSupport;
		};
		AF2F49BD29BEB87500F7570F /* FirebaseAppCheck */ = {
			isa = XCSwiftPackageProductDependency;
			package = AF2F49B429BEB87500F7570F /* XCRemoteSwiftPackageReference "firebase-ios-sdk" */;
			productName = FirebaseAppCheck;
		};
		AF2F49BF29BEB87500F7570F /* FirebaseAppDistribution-Beta */ = {
			isa = XCSwiftPackageProductDependency;
			package = AF2F49B429BEB87500F7570F /* XCRemoteSwiftPackageReference "firebase-ios-sdk" */;
			productName = "FirebaseAppDistribution-Beta";
		};
		AF2F49C129BEB87500F7570F /* FirebaseAuth */ = {
			isa = XCSwiftPackageProductDependency;
			package = AF2F49B429BEB87500F7570F /* XCRemoteSwiftPackageReference "firebase-ios-sdk" */;
			productName = FirebaseAuth;
		};
		AF2F49C329BEB87500F7570F /* FirebaseAuthCombine-Community */ = {
			isa = XCSwiftPackageProductDependency;
			package = AF2F49B429BEB87500F7570F /* XCRemoteSwiftPackageReference "firebase-ios-sdk" */;
			productName = "FirebaseAuthCombine-Community";
		};
		AF2F49C529BEB87500F7570F /* FirebaseCrashlytics */ = {
			isa = XCSwiftPackageProductDependency;
			package = AF2F49B429BEB87500F7570F /* XCRemoteSwiftPackageReference "firebase-ios-sdk" */;
			productName = FirebaseCrashlytics;
		};
		AF2F49C729BEB87500F7570F /* FirebaseDatabase */ = {
			isa = XCSwiftPackageProductDependency;
			package = AF2F49B429BEB87500F7570F /* XCRemoteSwiftPackageReference "firebase-ios-sdk" */;
			productName = FirebaseDatabase;
		};
		AF2F49C929BEB87500F7570F /* FirebaseDatabaseSwift */ = {
			isa = XCSwiftPackageProductDependency;
			package = AF2F49B429BEB87500F7570F /* XCRemoteSwiftPackageReference "firebase-ios-sdk" */;
			productName = FirebaseDatabaseSwift;
		};
		AF2F49CB29BEB87600F7570F /* FirebaseDynamicLinks */ = {
			isa = XCSwiftPackageProductDependency;
			package = AF2F49B429BEB87500F7570F /* XCRemoteSwiftPackageReference "firebase-ios-sdk" */;
			productName = FirebaseDynamicLinks;
		};
		AF2F49CD29BEB87600F7570F /* FirebaseFirestore */ = {
			isa = XCSwiftPackageProductDependency;
			package = AF2F49B429BEB87500F7570F /* XCRemoteSwiftPackageReference "firebase-ios-sdk" */;
			productName = FirebaseFirestore;
		};
		AF2F49CF29BEB87600F7570F /* FirebaseFirestoreCombine-Community */ = {
			isa = XCSwiftPackageProductDependency;
			package = AF2F49B429BEB87500F7570F /* XCRemoteSwiftPackageReference "firebase-ios-sdk" */;
			productName = "FirebaseFirestoreCombine-Community";
		};
		AF2F49D129BEB87600F7570F /* FirebaseFirestoreSwift */ = {
			isa = XCSwiftPackageProductDependency;
			package = AF2F49B429BEB87500F7570F /* XCRemoteSwiftPackageReference "firebase-ios-sdk" */;
			productName = FirebaseFirestoreSwift;
		};
		AF2F49D329BEB87600F7570F /* FirebaseFunctions */ = {
			isa = XCSwiftPackageProductDependency;
			package = AF2F49B429BEB87500F7570F /* XCRemoteSwiftPackageReference "firebase-ios-sdk" */;
			productName = FirebaseFunctions;
		};
		AF2F49D529BEB87600F7570F /* FirebaseFunctionsCombine-Community */ = {
			isa = XCSwiftPackageProductDependency;
			package = AF2F49B429BEB87500F7570F /* XCRemoteSwiftPackageReference "firebase-ios-sdk" */;
			productName = "FirebaseFunctionsCombine-Community";
		};
		AF2F49D729BEB87600F7570F /* FirebaseInAppMessaging-Beta */ = {
			isa = XCSwiftPackageProductDependency;
			package = AF2F49B429BEB87500F7570F /* XCRemoteSwiftPackageReference "firebase-ios-sdk" */;
			productName = "FirebaseInAppMessaging-Beta";
		};
		AF2F49D929BEB87600F7570F /* FirebaseInAppMessagingSwift-Beta */ = {
			isa = XCSwiftPackageProductDependency;
			package = AF2F49B429BEB87500F7570F /* XCRemoteSwiftPackageReference "firebase-ios-sdk" */;
			productName = "FirebaseInAppMessagingSwift-Beta";
		};
		AF2F49DB29BEB87600F7570F /* FirebaseInstallations */ = {
			isa = XCSwiftPackageProductDependency;
			package = AF2F49B429BEB87500F7570F /* XCRemoteSwiftPackageReference "firebase-ios-sdk" */;
			productName = FirebaseInstallations;
		};
		AF2F49DD29BEB87600F7570F /* FirebaseMLModelDownloader */ = {
			isa = XCSwiftPackageProductDependency;
			package = AF2F49B429BEB87500F7570F /* XCRemoteSwiftPackageReference "firebase-ios-sdk" */;
			productName = FirebaseMLModelDownloader;
		};
		AF2F49DF29BEB87600F7570F /* FirebaseMessaging */ = {
			isa = XCSwiftPackageProductDependency;
			package = AF2F49B429BEB87500F7570F /* XCRemoteSwiftPackageReference "firebase-ios-sdk" */;
			productName = FirebaseMessaging;
		};
		AF2F49E129BEB87600F7570F /* FirebasePerformance */ = {
			isa = XCSwiftPackageProductDependency;
			package = AF2F49B429BEB87500F7570F /* XCRemoteSwiftPackageReference "firebase-ios-sdk" */;
			productName = FirebasePerformance;
		};
		AF2F49E329BEB87600F7570F /* FirebaseRemoteConfig */ = {
			isa = XCSwiftPackageProductDependency;
			package = AF2F49B429BEB87500F7570F /* XCRemoteSwiftPackageReference "firebase-ios-sdk" */;
			productName = FirebaseRemoteConfig;
		};
		AF2F49E529BEB87600F7570F /* FirebaseRemoteConfigSwift */ = {
			isa = XCSwiftPackageProductDependency;
			package = AF2F49B429BEB87500F7570F /* XCRemoteSwiftPackageReference "firebase-ios-sdk" */;
			productName = FirebaseRemoteConfigSwift;
		};
		AF2F49E729BEB87600F7570F /* FirebaseStorage */ = {
			isa = XCSwiftPackageProductDependency;
			package = AF2F49B429BEB87500F7570F /* XCRemoteSwiftPackageReference "firebase-ios-sdk" */;
			productName = FirebaseStorage;
		};
		AF2F49E929BEB87600F7570F /* FirebaseStorageCombine-Community */ = {
			isa = XCSwiftPackageProductDependency;
			package = AF2F49B429BEB87500F7570F /* XCRemoteSwiftPackageReference "firebase-ios-sdk" */;
			productName = "FirebaseStorageCombine-Community";
		};
		AF2F49F129C0DAAC00F7570F /* GoogleSignIn */ = {
			isa = XCSwiftPackageProductDependency;
			package = AF2F49F029C0DAAC00F7570F /* XCRemoteSwiftPackageReference "GoogleSignIn-iOS" */;
			productName = GoogleSignIn;
		};
		AF2F49F329C0DAAC00F7570F /* GoogleSignInSwift */ = {
			isa = XCSwiftPackageProductDependency;
			package = AF2F49F029C0DAAC00F7570F /* XCRemoteSwiftPackageReference "GoogleSignIn-iOS" */;
			productName = GoogleSignInSwift;
		};
/* End XCSwiftPackageProductDependency section */
	};
	rootObject = F694C5A229B55E0500536551 /* Project object */;
}
