// !$*UTF8*$!
{
	archiveVersion = 1;
	classes = {
	};
	objectVersion = 56;
	objects = {

/* Begin PBXBuildFile section */
		F694C5AE29B55E0500536551 /* DayPlannerApp.swift in Sources */ = {isa = PBXBuildFile; fileRef = F694C5AD29B55E0500536551 /* DayPlannerApp.swift */; };
		F694C5B029B55E0500536551 /* ContentView.swift in Sources */ = {isa = PBXBuildFile; fileRef = F694C5AF29B55E0500536551 /* ContentView.swift */; };
		F694C5B229B55E0700536551 /* Assets.xcassets in Resources */ = {isa = PBXBuildFile; fileRef = F694C5B129B55E0700536551 /* Assets.xcassets */; };
		F694C5B529B55E0700536551 /* Preview Assets.xcassets in Resources */ = {isa = PBXBuildFile; fileRef = F694C5B429B55E0700536551 /* Preview Assets.xcassets */; };
		F694C5DA29B560E400536551 /* BottomBar.swift in Sources */ = {isa = PBXBuildFile; fileRef = F694C5D929B560E400536551 /* BottomBar.swift */; };
		F694C5DF29B5682600536551 /* List.swift in Sources */ = {isa = PBXBuildFile; fileRef = F694C5DE29B5682600536551 /* List.swift */; };
		F694C5E129B5682F00536551 /* Planner.swift in Sources */ = {isa = PBXBuildFile; fileRef = F694C5E029B5682F00536551 /* Planner.swift */; };
		F694C5E329B5683900536551 /* Settings.swift in Sources */ = {isa = PBXBuildFile; fileRef = F694C5E229B5683900536551 /* Settings.swift */; };
		F6B0460B29BFCC530058599C /* Event.swift in Sources */ = {isa = PBXBuildFile; fileRef = F6B0460A29BFCC530058599C /* Event.swift */; };
		F6B0460F29BFDF1F0058599C /* EventEdit.swift in Sources */ = {isa = PBXBuildFile; fileRef = F6B0460E29BFDF1F0058599C /* EventEdit.swift */; };
/* End PBXBuildFile section */

/* Begin PBXContainerItemProxy section */
		F694C5BB29B55E0700536551 /* PBXContainerItemProxy */ = {
			isa = PBXContainerItemProxy;
			containerPortal = F694C5A229B55E0500536551 /* Project object */;
			proxyType = 1;
			remoteGlobalIDString = F694C5A929B55E0500536551;
			remoteInfo = DayPlanner;
		};
		F694C5C529B55E0700536551 /* PBXContainerItemProxy */ = {
			isa = PBXContainerItemProxy;
			containerPortal = F694C5A229B55E0500536551 /* Project object */;
			proxyType = 1;
			remoteGlobalIDString = F694C5A929B55E0500536551;
			remoteInfo = DayPlanner;
		};
/* End PBXContainerItemProxy section */

/* Begin PBXFileReference section */
		F694C5AA29B55E0500536551 /* DayPlanner.app */ = {isa = PBXFileReference; explicitFileType = wrapper.application; includeInIndex = 0; path = DayPlanner.app; sourceTree = BUILT_PRODUCTS_DIR; };
		F694C5AD29B55E0500536551 /* DayPlannerApp.swift */ = {isa = PBXFileReference; lastKnownFileType = sourcecode.swift; path = DayPlannerApp.swift; sourceTree = "<group>"; };
		F694C5AF29B55E0500536551 /* ContentView.swift */ = {isa = PBXFileReference; lastKnownFileType = sourcecode.swift; path = ContentView.swift; sourceTree = "<group>"; };
		F694C5B129B55E0700536551 /* Assets.xcassets */ = {isa = PBXFileReference; lastKnownFileType = folder.assetcatalog; path = Assets.xcassets; sourceTree = "<group>"; };
		F694C5B429B55E0700536551 /* Preview Assets.xcassets */ = {isa = PBXFileReference; lastKnownFileType = folder.assetcatalog; path = "Preview Assets.xcassets"; sourceTree = "<group>"; };
		F694C5BA29B55E0700536551 /* DayPlannerTests.xctest */ = {isa = PBXFileReference; explicitFileType = wrapper.cfbundle; includeInIndex = 0; path = DayPlannerTests.xctest; sourceTree = BUILT_PRODUCTS_DIR; };
		F694C5C429B55E0700536551 /* DayPlannerUITests.xctest */ = {isa = PBXFileReference; explicitFileType = wrapper.cfbundle; includeInIndex = 0; path = DayPlannerUITests.xctest; sourceTree = BUILT_PRODUCTS_DIR; };
		F694C5D929B560E400536551 /* BottomBar.swift */ = {isa = PBXFileReference; lastKnownFileType = sourcecode.swift; path = BottomBar.swift; sourceTree = "<group>"; };
		F694C5DE29B5682600536551 /* List.swift */ = {isa = PBXFileReference; lastKnownFileType = sourcecode.swift; path = List.swift; sourceTree = "<group>"; };
		F694C5E029B5682F00536551 /* Planner.swift */ = {isa = PBXFileReference; lastKnownFileType = sourcecode.swift; path = Planner.swift; sourceTree = "<group>"; };
		F694C5E229B5683900536551 /* Settings.swift */ = {isa = PBXFileReference; lastKnownFileType = sourcecode.swift; path = Settings.swift; sourceTree = "<group>"; };
		F6B0460A29BFCC530058599C /* Event.swift */ = {isa = PBXFileReference; lastKnownFileType = sourcecode.swift; path = Event.swift; sourceTree = "<group>"; };
		F6B0460E29BFDF1F0058599C /* EventEdit.swift */ = {isa = PBXFileReference; lastKnownFileType = sourcecode.swift; path = EventEdit.swift; sourceTree = "<group>"; };
/* End PBXFileReference section */

/* Begin PBXFrameworksBuildPhase section */
		F694C5A729B55E0500536551 /* Frameworks */ = {
			isa = PBXFrameworksBuildPhase;
			buildActionMask = 2147483647;
			files = (
			);
			runOnlyForDeploymentPostprocessing = 0;
		};
		F694C5B729B55E0700536551 /* Frameworks */ = {
			isa = PBXFrameworksBuildPhase;
			buildActionMask = 2147483647;
			files = (
			);
			runOnlyForDeploymentPostprocessing = 0;
		};
		F694C5C129B55E0700536551 /* Frameworks */ = {
			isa = PBXFrameworksBuildPhase;
			buildActionMask = 2147483647;
			files = (
			);
			runOnlyForDeploymentPostprocessing = 0;
		};
/* End PBXFrameworksBuildPhase section */

/* Begin PBXGroup section */
		F694C5A129B55E0500536551 = {
			isa = PBXGroup;
			children = (
				F694C5AC29B55E0500536551 /* DayPlanner */,
				F694C5AB29B55E0500536551 /* Products */,
			);
			sourceTree = "<group>";
		};
		F694C5AB29B55E0500536551 /* Products */ = {
			isa = PBXGroup;
			children = (
				F694C5AA29B55E0500536551 /* DayPlanner.app */,
				F694C5BA29B55E0700536551 /* DayPlannerTests.xctest */,
				F694C5C429B55E0700536551 /* DayPlannerUITests.xctest */,
			);
			name = Products;
			sourceTree = "<group>";
		};
		F694C5AC29B55E0500536551 /* DayPlanner */ = {
			isa = PBXGroup;
			children = (
				F6B0460929BFCC440058599C /* Data */,
				F694C5D729B560A600536551 /* UI */,
				F694C5AD29B55E0500536551 /* DayPlannerApp.swift */,
				F694C5AF29B55E0500536551 /* ContentView.swift */,
				F694C5B129B55E0700536551 /* Assets.xcassets */,
				F694C5B329B55E0700536551 /* Preview Content */,
			);
			path = DayPlanner;
			sourceTree = "<group>";
		};
		F694C5B329B55E0700536551 /* Preview Content */ = {
			isa = PBXGroup;
			children = (
				F694C5B429B55E0700536551 /* Preview Assets.xcassets */,
			);
			path = "Preview Content";
			sourceTree = "<group>";
		};
		F694C5D729B560A600536551 /* UI */ = {
			isa = PBXGroup;
			children = (
				F694C5DB29B567FC00536551 /* List */,
				F694C5DC29B5680300536551 /* Planner */,
				F694C5DD29B5680A00536551 /* Settings */,
				F694C5D929B560E400536551 /* BottomBar.swift */,
			);
			path = UI;
			sourceTree = "<group>";
		};
		F694C5DB29B567FC00536551 /* List */ = {
			isa = PBXGroup;
			children = (
				F694C5DE29B5682600536551 /* List.swift */,
				F6B0460E29BFDF1F0058599C /* EventEdit.swift */,
			);
			path = List;
			sourceTree = "<group>";
		};
		F694C5DC29B5680300536551 /* Planner */ = {
			isa = PBXGroup;
			children = (
				F694C5E029B5682F00536551 /* Planner.swift */,
			);
			path = Planner;
			sourceTree = "<group>";
		};
		F694C5DD29B5680A00536551 /* Settings */ = {
			isa = PBXGroup;
			children = (
				F694C5E229B5683900536551 /* Settings.swift */,
			);
			path = Settings;
			sourceTree = "<group>";
		};
		F6B0460929BFCC440058599C /* Data */ = {
			isa = PBXGroup;
			children = (
				F6B0460A29BFCC530058599C /* Event.swift */,
			);
			path = Data;
			sourceTree = "<group>";
		};
/* End PBXGroup section */

/* Begin PBXNativeTarget section */
		F694C5A929B55E0500536551 /* DayPlanner */ = {
			isa = PBXNativeTarget;
			buildConfigurationList = F694C5CE29B55E0700536551 /* Build configuration list for PBXNativeTarget "DayPlanner" */;
			buildPhases = (
				F694C5A629B55E0500536551 /* Sources */,
				F694C5A729B55E0500536551 /* Frameworks */,
				F694C5A829B55E0500536551 /* Resources */,
			);
			buildRules = (
			);
			dependencies = (
			);
			name = DayPlanner;
			productName = DayPlanner;
			productReference = F694C5AA29B55E0500536551 /* DayPlanner.app */;
			productType = "com.apple.product-type.application";
		};
		F694C5B929B55E0700536551 /* DayPlannerTests */ = {
			isa = PBXNativeTarget;
			buildConfigurationList = F694C5D129B55E0700536551 /* Build configuration list for PBXNativeTarget "DayPlannerTests" */;
			buildPhases = (
				F694C5B629B55E0700536551 /* Sources */,
				F694C5B729B55E0700536551 /* Frameworks */,
				F694C5B829B55E0700536551 /* Resources */,
			);
			buildRules = (
			);
			dependencies = (
				F694C5BC29B55E0700536551 /* PBXTargetDependency */,
			);
			name = DayPlannerTests;
			productName = DayPlannerTests;
			productReference = F694C5BA29B55E0700536551 /* DayPlannerTests.xctest */;
			productType = "com.apple.product-type.bundle.unit-test";
		};
		F694C5C329B55E0700536551 /* DayPlannerUITests */ = {
			isa = PBXNativeTarget;
			buildConfigurationList = F694C5D429B55E0700536551 /* Build configuration list for PBXNativeTarget "DayPlannerUITests" */;
			buildPhases = (
				F694C5C029B55E0700536551 /* Sources */,
				F694C5C129B55E0700536551 /* Frameworks */,
				F694C5C229B55E0700536551 /* Resources */,
			);
			buildRules = (
			);
			dependencies = (
				F694C5C629B55E0700536551 /* PBXTargetDependency */,
			);
			name = DayPlannerUITests;
			productName = DayPlannerUITests;
			productReference = F694C5C429B55E0700536551 /* DayPlannerUITests.xctest */;
			productType = "com.apple.product-type.bundle.ui-testing";
		};
/* End PBXNativeTarget section */

/* Begin PBXProject section */
		F694C5A229B55E0500536551 /* Project object */ = {
			isa = PBXProject;
			attributes = {
				BuildIndependentTargetsInParallel = 1;
				LastSwiftUpdateCheck = 1420;
				LastUpgradeCheck = 1420;
				TargetAttributes = {
					F694C5A929B55E0500536551 = {
						CreatedOnToolsVersion = 14.2;
					};
					F694C5B929B55E0700536551 = {
						CreatedOnToolsVersion = 14.2;
						TestTargetID = F694C5A929B55E0500536551;
					};
					F694C5C329B55E0700536551 = {
						CreatedOnToolsVersion = 14.2;
						TestTargetID = F694C5A929B55E0500536551;
					};
				};
			};
			buildConfigurationList = F694C5A529B55E0500536551 /* Build configuration list for PBXProject "DayPlanner" */;
			compatibilityVersion = "Xcode 14.0";
			developmentRegion = en;
			hasScannedForEncodings = 0;
			knownRegions = (
				en,
				Base,
			);
			mainGroup = F694C5A129B55E0500536551;
			productRefGroup = F694C5AB29B55E0500536551 /* Products */;
			projectDirPath = "";
			projectRoot = "";
			targets = (
				F694C5A929B55E0500536551 /* DayPlanner */,
				F694C5B929B55E0700536551 /* DayPlannerTests */,
				F694C5C329B55E0700536551 /* DayPlannerUITests */,
			);
		};
/* End PBXProject section */

/* Begin PBXResourcesBuildPhase section */
		F694C5A829B55E0500536551 /* Resources */ = {
			isa = PBXResourcesBuildPhase;
			buildActionMask = 2147483647;
			files = (
				F694C5B529B55E0700536551 /* Preview Assets.xcassets in Resources */,
				F694C5B229B55E0700536551 /* Assets.xcassets in Resources */,
			);
			runOnlyForDeploymentPostprocessing = 0;
		};
		F694C5B829B55E0700536551 /* Resources */ = {
			isa = PBXResourcesBuildPhase;
			buildActionMask = 2147483647;
			files = (
			);
			runOnlyForDeploymentPostprocessing = 0;
		};
		F694C5C229B55E0700536551 /* Resources */ = {
			isa = PBXResourcesBuildPhase;
			buildActionMask = 2147483647;
			files = (
			);
			runOnlyForDeploymentPostprocessing = 0;
		};
/* End PBXResourcesBuildPhase section */

/* Begin PBXSourcesBuildPhase section */
		F694C5A629B55E0500536551 /* Sources */ = {
			isa = PBXSourcesBuildPhase;
			buildActionMask = 2147483647;
			files = (
				F694C5E329B5683900536551 /* Settings.swift in Sources */,
				F694C5B029B55E0500536551 /* ContentView.swift in Sources */,
				F6B0460F29BFDF1F0058599C /* EventEdit.swift in Sources */,
				F694C5E129B5682F00536551 /* Planner.swift in Sources */,
				F694C5DF29B5682600536551 /* List.swift in Sources */,
				F694C5AE29B55E0500536551 /* DayPlannerApp.swift in Sources */,
				F6B0460B29BFCC530058599C /* Event.swift in Sources */,
				F694C5DA29B560E400536551 /* BottomBar.swift in Sources */,
			);
			runOnlyForDeploymentPostprocessing = 0;
		};
		F694C5B629B55E0700536551 /* Sources */ = {
			isa = PBXSourcesBuildPhase;
			buildActionMask = 2147483647;
			files = (
			);
			runOnlyForDeploymentPostprocessing = 0;
		};
		F694C5C029B55E0700536551 /* Sources */ = {
			isa = PBXSourcesBuildPhase;
			buildActionMask = 2147483647;
			files = (
			);
			runOnlyForDeploymentPostprocessing = 0;
		};
/* End PBXSourcesBuildPhase section */

/* Begin PBXTargetDependency section */
		F694C5BC29B55E0700536551 /* PBXTargetDependency */ = {
			isa = PBXTargetDependency;
			target = F694C5A929B55E0500536551 /* DayPlanner */;
			targetProxy = F694C5BB29B55E0700536551 /* PBXContainerItemProxy */;
		};
		F694C5C629B55E0700536551 /* PBXTargetDependency */ = {
			isa = PBXTargetDependency;
			target = F694C5A929B55E0500536551 /* DayPlanner */;
			targetProxy = F694C5C529B55E0700536551 /* PBXContainerItemProxy */;
		};
/* End PBXTargetDependency section */

/* Begin XCBuildConfiguration section */
		F694C5CC29B55E0700536551 /* Debug */ = {
			isa = XCBuildConfiguration;
			buildSettings = {
				ALWAYS_SEARCH_USER_PATHS = NO;
				CLANG_ANALYZER_NONNULL = YES;
				CLANG_ANALYZER_NUMBER_OBJECT_CONVERSION = YES_AGGRESSIVE;
				CLANG_CXX_LANGUAGE_STANDARD = "gnu++20";
				CLANG_ENABLE_MODULES = YES;
				CLANG_ENABLE_OBJC_ARC = YES;
				CLANG_ENABLE_OBJC_WEAK = YES;
				CLANG_WARN_BLOCK_CAPTURE_AUTORELEASING = YES;
				CLANG_WARN_BOOL_CONVERSION = YES;
				CLANG_WARN_COMMA = YES;
				CLANG_WARN_CONSTANT_CONVERSION = YES;
				CLANG_WARN_DEPRECATED_OBJC_IMPLEMENTATIONS = YES;
				CLANG_WARN_DIRECT_OBJC_ISA_USAGE = YES_ERROR;
				CLANG_WARN_DOCUMENTATION_COMMENTS = YES;
				CLANG_WARN_EMPTY_BODY = YES;
				CLANG_WARN_ENUM_CONVERSION = YES;
				CLANG_WARN_INFINITE_RECURSION = YES;
				CLANG_WARN_INT_CONVERSION = YES;
				CLANG_WARN_NON_LITERAL_NULL_CONVERSION = YES;
				CLANG_WARN_OBJC_IMPLICIT_RETAIN_SELF = YES;
				CLANG_WARN_OBJC_LITERAL_CONVERSION = YES;
				CLANG_WARN_OBJC_ROOT_CLASS = YES_ERROR;
				CLANG_WARN_QUOTED_INCLUDE_IN_FRAMEWORK_HEADER = YES;
				CLANG_WARN_RANGE_LOOP_ANALYSIS = YES;
				CLANG_WARN_STRICT_PROTOTYPES = YES;
				CLANG_WARN_SUSPICIOUS_MOVE = YES;
				CLANG_WARN_UNGUARDED_AVAILABILITY = YES_AGGRESSIVE;
				CLANG_WARN_UNREACHABLE_CODE = YES;
				CLANG_WARN__DUPLICATE_METHOD_MATCH = YES;
				COPY_PHASE_STRIP = NO;
				DEBUG_INFORMATION_FORMAT = dwarf;
				ENABLE_STRICT_OBJC_MSGSEND = YES;
				ENABLE_TESTABILITY = YES;
				GCC_C_LANGUAGE_STANDARD = gnu11;
				GCC_DYNAMIC_NO_PIC = NO;
				GCC_NO_COMMON_BLOCKS = YES;
				GCC_OPTIMIZATION_LEVEL = 0;
				GCC_PREPROCESSOR_DEFINITIONS = (
					"DEBUG=1",
					"$(inherited)",
				);
				GCC_WARN_64_TO_32_BIT_CONVERSION = YES;
				GCC_WARN_ABOUT_RETURN_TYPE = YES_ERROR;
				GCC_WARN_UNDECLARED_SELECTOR = YES;
				GCC_WARN_UNINITIALIZED_AUTOS = YES_AGGRESSIVE;
				GCC_WARN_UNUSED_FUNCTION = YES;
				GCC_WARN_UNUSED_VARIABLE = YES;
				IPHONEOS_DEPLOYMENT_TARGET = 16.2;
				MTL_ENABLE_DEBUG_INFO = INCLUDE_SOURCE;
				MTL_FAST_MATH = YES;
				ONLY_ACTIVE_ARCH = YES;
				SDKROOT = iphoneos;
				SWIFT_ACTIVE_COMPILATION_CONDITIONS = DEBUG;
				SWIFT_OPTIMIZATION_LEVEL = "-Onone";
			};
			name = Debug;
		};
		F694C5CD29B55E0700536551 /* Release */ = {
			isa = XCBuildConfiguration;
			buildSettings = {
				ALWAYS_SEARCH_USER_PATHS = NO;
				CLANG_ANALYZER_NONNULL = YES;
				CLANG_ANALYZER_NUMBER_OBJECT_CONVERSION = YES_AGGRESSIVE;
				CLANG_CXX_LANGUAGE_STANDARD = "gnu++20";
				CLANG_ENABLE_MODULES = YES;
				CLANG_ENABLE_OBJC_ARC = YES;
				CLANG_ENABLE_OBJC_WEAK = YES;
				CLANG_WARN_BLOCK_CAPTURE_AUTORELEASING = YES;
				CLANG_WARN_BOOL_CONVERSION = YES;
				CLANG_WARN_COMMA = YES;
				CLANG_WARN_CONSTANT_CONVERSION = YES;
				CLANG_WARN_DEPRECATED_OBJC_IMPLEMENTATIONS = YES;
				CLANG_WARN_DIRECT_OBJC_ISA_USAGE = YES_ERROR;
				CLANG_WARN_DOCUMENTATION_COMMENTS = YES;
				CLANG_WARN_EMPTY_BODY = YES;
				CLANG_WARN_ENUM_CONVERSION = YES;
				CLANG_WARN_INFINITE_RECURSION = YES;
				CLANG_WARN_INT_CONVERSION = YES;
				CLANG_WARN_NON_LITERAL_NULL_CONVERSION = YES;
				CLANG_WARN_OBJC_IMPLICIT_RETAIN_SELF = YES;
				CLANG_WARN_OBJC_LITERAL_CONVERSION = YES;
				CLANG_WARN_OBJC_ROOT_CLASS = YES_ERROR;
				CLANG_WARN_QUOTED_INCLUDE_IN_FRAMEWORK_HEADER = YES;
				CLANG_WARN_RANGE_LOOP_ANALYSIS = YES;
				CLANG_WARN_STRICT_PROTOTYPES = YES;
				CLANG_WARN_SUSPICIOUS_MOVE = YES;
				CLANG_WARN_UNGUARDED_AVAILABILITY = YES_AGGRESSIVE;
				CLANG_WARN_UNREACHABLE_CODE = YES;
				CLANG_WARN__DUPLICATE_METHOD_MATCH = YES;
				COPY_PHASE_STRIP = NO;
				DEBUG_INFORMATION_FORMAT = "dwarf-with-dsym";
				ENABLE_NS_ASSERTIONS = NO;
				ENABLE_STRICT_OBJC_MSGSEND = YES;
				GCC_C_LANGUAGE_STANDARD = gnu11;
				GCC_NO_COMMON_BLOCKS = YES;
				GCC_WARN_64_TO_32_BIT_CONVERSION = YES;
				GCC_WARN_ABOUT_RETURN_TYPE = YES_ERROR;
				GCC_WARN_UNDECLARED_SELECTOR = YES;
				GCC_WARN_UNINITIALIZED_AUTOS = YES_AGGRESSIVE;
				GCC_WARN_UNUSED_FUNCTION = YES;
				GCC_WARN_UNUSED_VARIABLE = YES;
				IPHONEOS_DEPLOYMENT_TARGET = 16.2;
				MTL_ENABLE_DEBUG_INFO = NO;
				MTL_FAST_MATH = YES;
				SDKROOT = iphoneos;
				SWIFT_COMPILATION_MODE = wholemodule;
				SWIFT_OPTIMIZATION_LEVEL = "-O";
				VALIDATE_PRODUCT = YES;
			};
			name = Release;
		};
		F694C5CF29B55E0700536551 /* Debug */ = {
			isa = XCBuildConfiguration;
			buildSettings = {
				ASSETCATALOG_COMPILER_APPICON_NAME = AppIcon;
				ASSETCATALOG_COMPILER_GLOBAL_ACCENT_COLOR_NAME = AccentColor;
				CODE_SIGN_STYLE = Automatic;
				CURRENT_PROJECT_VERSION = 1;
				DEVELOPMENT_ASSET_PATHS = "\"DayPlanner/Preview Content\"";
				ENABLE_PREVIEWS = YES;
				GENERATE_INFOPLIST_FILE = YES;
				INFOPLIST_KEY_UIApplicationSceneManifest_Generation = YES;
				INFOPLIST_KEY_UIApplicationSupportsIndirectInputEvents = YES;
				INFOPLIST_KEY_UILaunchScreen_Generation = YES;
				INFOPLIST_KEY_UISupportedInterfaceOrientations_iPad = "UIInterfaceOrientationPortrait UIInterfaceOrientationPortraitUpsideDown UIInterfaceOrientationLandscapeLeft UIInterfaceOrientationLandscapeRight";
				INFOPLIST_KEY_UISupportedInterfaceOrientations_iPhone = "UIInterfaceOrientationPortrait UIInterfaceOrientationLandscapeLeft UIInterfaceOrientationLandscapeRight";
				LD_RUNPATH_SEARCH_PATHS = (
					"$(inherited)",
					"@executable_path/Frameworks",
				);
				MARKETING_VERSION = 1.0;
				PRODUCT_BUNDLE_IDENTIFIER = com.example.DayPlanner;
				PRODUCT_NAME = "$(TARGET_NAME)";
				SWIFT_EMIT_LOC_STRINGS = YES;
				SWIFT_VERSION = 5.0;
				TARGETED_DEVICE_FAMILY = "1,2";
			};
			name = Debug;
		};
		F694C5D029B55E0700536551 /* Release */ = {
			isa = XCBuildConfiguration;
			buildSettings = {
				ASSETCATALOG_COMPILER_APPICON_NAME = AppIcon;
				ASSETCATALOG_COMPILER_GLOBAL_ACCENT_COLOR_NAME = AccentColor;
				CODE_SIGN_STYLE = Automatic;
				CURRENT_PROJECT_VERSION = 1;
				DEVELOPMENT_ASSET_PATHS = "\"DayPlanner/Preview Content\"";
				ENABLE_PREVIEWS = YES;
				GENERATE_INFOPLIST_FILE = YES;
				INFOPLIST_KEY_UIApplicationSceneManifest_Generation = YES;
				INFOPLIST_KEY_UIApplicationSupportsIndirectInputEvents = YES;
				INFOPLIST_KEY_UILaunchScreen_Generation = YES;
				INFOPLIST_KEY_UISupportedInterfaceOrientations_iPad = "UIInterfaceOrientationPortrait UIInterfaceOrientationPortraitUpsideDown UIInterfaceOrientationLandscapeLeft UIInterfaceOrientationLandscapeRight";
				INFOPLIST_KEY_UISupportedInterfaceOrientations_iPhone = "UIInterfaceOrientationPortrait UIInterfaceOrientationLandscapeLeft UIInterfaceOrientationLandscapeRight";
				LD_RUNPATH_SEARCH_PATHS = (
					"$(inherited)",
					"@executable_path/Frameworks",
				);
				MARKETING_VERSION = 1.0;
				PRODUCT_BUNDLE_IDENTIFIER = com.example.DayPlanner;
				PRODUCT_NAME = "$(TARGET_NAME)";
				SWIFT_EMIT_LOC_STRINGS = YES;
				SWIFT_VERSION = 5.0;
				TARGETED_DEVICE_FAMILY = "1,2";
			};
			name = Release;
		};
		F694C5D229B55E0700536551 /* Debug */ = {
			isa = XCBuildConfiguration;
			buildSettings = {
				ALWAYS_EMBED_SWIFT_STANDARD_LIBRARIES = YES;
				BUNDLE_LOADER = "$(TEST_HOST)";
				CODE_SIGN_STYLE = Automatic;
				CURRENT_PROJECT_VERSION = 1;
				GENERATE_INFOPLIST_FILE = YES;
				IPHONEOS_DEPLOYMENT_TARGET = 16.2;
				MARKETING_VERSION = 1.0;
				PRODUCT_BUNDLE_IDENTIFIER = com.example.DayPlannerTests;
				PRODUCT_NAME = "$(TARGET_NAME)";
				SWIFT_EMIT_LOC_STRINGS = NO;
				SWIFT_VERSION = 5.0;
				TARGETED_DEVICE_FAMILY = "1,2";
				TEST_HOST = "$(BUILT_PRODUCTS_DIR)/DayPlanner.app/$(BUNDLE_EXECUTABLE_FOLDER_PATH)/DayPlanner";
			};
			name = Debug;
		};
		F694C5D329B55E0700536551 /* Release */ = {
			isa = XCBuildConfiguration;
			buildSettings = {
				ALWAYS_EMBED_SWIFT_STANDARD_LIBRARIES = YES;
				BUNDLE_LOADER = "$(TEST_HOST)";
				CODE_SIGN_STYLE = Automatic;
				CURRENT_PROJECT_VERSION = 1;
				GENERATE_INFOPLIST_FILE = YES;
				IPHONEOS_DEPLOYMENT_TARGET = 16.2;
				MARKETING_VERSION = 1.0;
				PRODUCT_BUNDLE_IDENTIFIER = com.example.DayPlannerTests;
				PRODUCT_NAME = "$(TARGET_NAME)";
				SWIFT_EMIT_LOC_STRINGS = NO;
				SWIFT_VERSION = 5.0;
				TARGETED_DEVICE_FAMILY = "1,2";
				TEST_HOST = "$(BUILT_PRODUCTS_DIR)/DayPlanner.app/$(BUNDLE_EXECUTABLE_FOLDER_PATH)/DayPlanner";
			};
			name = Release;
		};
		F694C5D529B55E0700536551 /* Debug */ = {
			isa = XCBuildConfiguration;
			buildSettings = {
				ALWAYS_EMBED_SWIFT_STANDARD_LIBRARIES = YES;
				CODE_SIGN_STYLE = Automatic;
				CURRENT_PROJECT_VERSION = 1;
				GENERATE_INFOPLIST_FILE = YES;
				MARKETING_VERSION = 1.0;
				PRODUCT_BUNDLE_IDENTIFIER = com.example.DayPlannerUITests;
				PRODUCT_NAME = "$(TARGET_NAME)";
				SWIFT_EMIT_LOC_STRINGS = NO;
				SWIFT_VERSION = 5.0;
				TARGETED_DEVICE_FAMILY = "1,2";
				TEST_TARGET_NAME = DayPlanner;
			};
			name = Debug;
		};
		F694C5D629B55E0700536551 /* Release */ = {
			isa = XCBuildConfiguration;
			buildSettings = {
				ALWAYS_EMBED_SWIFT_STANDARD_LIBRARIES = YES;
				CODE_SIGN_STYLE = Automatic;
				CURRENT_PROJECT_VERSION = 1;
				GENERATE_INFOPLIST_FILE = YES;
				MARKETING_VERSION = 1.0;
				PRODUCT_BUNDLE_IDENTIFIER = com.example.DayPlannerUITests;
				PRODUCT_NAME = "$(TARGET_NAME)";
				SWIFT_EMIT_LOC_STRINGS = NO;
				SWIFT_VERSION = 5.0;
				TARGETED_DEVICE_FAMILY = "1,2";
				TEST_TARGET_NAME = DayPlanner;
			};
			name = Release;
		};
/* End XCBuildConfiguration section */

/* Begin XCConfigurationList section */
		F694C5A529B55E0500536551 /* Build configuration list for PBXProject "DayPlanner" */ = {
			isa = XCConfigurationList;
			buildConfigurations = (
				F694C5CC29B55E0700536551 /* Debug */,
				F694C5CD29B55E0700536551 /* Release */,
			);
			defaultConfigurationIsVisible = 0;
			defaultConfigurationName = Release;
		};
		F694C5CE29B55E0700536551 /* Build configuration list for PBXNativeTarget "DayPlanner" */ = {
			isa = XCConfigurationList;
			buildConfigurations = (
				F694C5CF29B55E0700536551 /* Debug */,
				F694C5D029B55E0700536551 /* Release */,
			);
			defaultConfigurationIsVisible = 0;
			defaultConfigurationName = Release;
		};
		F694C5D129B55E0700536551 /* Build configuration list for PBXNativeTarget "DayPlannerTests" */ = {
			isa = XCConfigurationList;
			buildConfigurations = (
				F694C5D229B55E0700536551 /* Debug */,
				F694C5D329B55E0700536551 /* Release */,
			);
			defaultConfigurationIsVisible = 0;
			defaultConfigurationName = Release;
		};
		F694C5D429B55E0700536551 /* Build configuration list for PBXNativeTarget "DayPlannerUITests" */ = {
			isa = XCConfigurationList;
			buildConfigurations = (
				F694C5D529B55E0700536551 /* Debug */,
				F694C5D629B55E0700536551 /* Release */,
			);
			defaultConfigurationIsVisible = 0;
			defaultConfigurationName = Release;
		};
/* End XCConfigurationList section */
	};
	rootObject = F694C5A229B55E0500536551 /* Project object */;
}
